
Microsoft Visual Studio Solution File, Format Version 12.00
# Visual Studio Version 17
VisualStudioVersion = 17.7.34031.279
MinimumVisualStudioVersion = 10.0.40219.1
Project("{9A19103F-16F7-4668-BE54-9A1E7A4F7556}") = "TouristicGuide", "TouristicGuide\TouristicGuide.csproj", "{9D632D55-F9DA-41FD-BC96-399353176039}"
EndProject
Project("{FAE04EC0-301F-11D3-BF4B-00C04F79EFBC}") = "Guide", "Guide\Guide.csproj", "{B4486CA6-304E-4707-ADA7-5706BFDD860F}"
EndProject
Global
	GlobalSection(SolutionConfigurationPlatforms) = preSolution
		Debug|Any CPU = Debug|Any CPU
		Release|Any CPU = Release|Any CPU
	EndGlobalSection
	GlobalSection(ProjectConfigurationPlatforms) = postSolution
		{9D632D55-F9DA-41FD-BC96-399353176039}.Debug|Any CPU.ActiveCfg = Debug|Any CPU
		{9D632D55-F9DA-41FD-BC96-399353176039}.Debug|Any CPU.Build.0 = Debug|Any CPU
		{9D632D55-F9DA-41FD-BC96-399353176039}.Release|Any CPU.ActiveCfg = Release|Any CPU
		{9D632D55-F9DA-41FD-BC96-399353176039}.Release|Any CPU.Build.0 = Release|Any CPU
		{B4486CA6-304E-4707-ADA7-5706BFDD860F}.Debug|Any CPU.ActiveCfg = Debug|Any CPU
		{B4486CA6-304E-4707-ADA7-5706BFDD860F}.Debug|Any CPU.Build.0 = Debug|Any CPU
		{B4486CA6-304E-4707-ADA7-5706BFDD860F}.Release|Any CPU.ActiveCfg = Release|Any CPU
		{B4486CA6-304E-4707-ADA7-5706BFDD860F}.Release|Any CPU.Build.0 = Release|Any CPU
	EndGlobalSection
	GlobalSection(SolutionProperties) = preSolution
		HideSolutionNode = FALSE
	EndGlobalSection
	GlobalSection(ExtensibilityGlobals) = postSolution
		SolutionGuid = {1606C037-2E8A-4EA2-A8BA-9E9B3C824253}
	EndGlobalSection
EndGlobal
